
Microsoft Visual Studio Solution File, Format Version 12.00
# Visual Studio Version 17
VisualStudioVersion = 17.1.32319.34
MinimumVisualStudioVersion = 10.0.40219.1
Project("{FAE04EC0-301F-11D3-BF4B-00C04F79EFBC}") = "aula_02", "aula_02\aula_02.csproj", "{30B97E1C-DF66-443C-A0CD-B03221648B45}"
EndProject
Global
	GlobalSection(SolutionConfigurationPlatforms) = preSolution
		Debug|Any CPU = Debug|Any CPU
		Release|Any CPU = Release|Any CPU
	EndGlobalSection
	GlobalSection(ProjectConfigurationPlatforms) = postSolution
		{30B97E1C-DF66-443C-A0CD-B03221648B45}.Debug|Any CPU.ActiveCfg = Debug|Any CPU
		{30B97E1C-DF66-443C-A0CD-B03221648B45}.Debug|Any CPU.Build.0 = Debug|Any CPU
		{30B97E1C-DF66-443C-A0CD-B03221648B45}.Release|Any CPU.ActiveCfg = Release|Any CPU
		{30B97E1C-DF66-443C-A0CD-B03221648B45}.Release|Any CPU.Build.0 = Release|Any CPU
	EndGlobalSection
	GlobalSection(SolutionProperties) = preSolution
		HideSolutionNode = FALSE
	EndGlobalSection
	GlobalSection(ExtensibilityGlobals) = postSolution
		SolutionGuid = {F112F35C-4F1F-495E-9333-6BF5B2EF7663}
	EndGlobalSection
EndGlobal
